
Microsoft Visual Studio Solution File, Format Version 12.00
# Visual Studio Version 17
VisualStudioVersion = 17.5.33414.496
MinimumVisualStudioVersion = 10.0.40219.1
Project("{FAE04EC0-301F-11D3-BF4B-00C04F79EFBC}") = "homework2", "homework2.csproj", "{A3B11F61-EDD5-46D9-8AB8-5C7285925314}"
EndProject
Global
	GlobalSection(SolutionConfigurationPlatforms) = preSolution
		Debug|Any CPU = Debug|Any CPU
		Release|Any CPU = Release|Any CPU
	EndGlobalSection
	GlobalSection(ProjectConfigurationPlatforms) = postSolution
		{A3B11F61-EDD5-46D9-8AB8-5C7285925314}.Debug|Any CPU.ActiveCfg = Debug|Any CPU
		{A3B11F61-EDD5-46D9-8AB8-5C7285925314}.Debug|Any CPU.Build.0 = Debug|Any CPU
		{A3B11F61-EDD5-46D9-8AB8-5C7285925314}.Release|Any CPU.ActiveCfg = Release|Any CPU
		{A3B11F61-EDD5-46D9-8AB8-5C7285925314}.Release|Any CPU.Build.0 = Release|Any CPU
	EndGlobalSection
	GlobalSection(SolutionProperties) = preSolution
		HideSolutionNode = FALSE
	EndGlobalSection
	GlobalSection(ExtensibilityGlobals) = postSolution
		SolutionGuid = {26118733-720B-4181-89B6-FB91CEB078EE}
	EndGlobalSection
EndGlobal
